
Microsoft Visual Studio Solution File, Format Version 12.00
# Visual Studio Version 17
VisualStudioVersion = 17.9.34728.123
MinimumVisualStudioVersion = 10.0.40219.1
Project("{FAE04EC0-301F-11D3-BF4B-00C04F79EFBC}") = "EventsManagement", "EventsManagement\EventsManagement.csproj", "{72522386-7C8C-4EF0-A383-09DF25552152}"
EndProject
Global
	GlobalSection(SolutionConfigurationPlatforms) = preSolution
		Debug|Any CPU = Debug|Any CPU
		Release|Any CPU = Release|Any CPU
	EndGlobalSection
	GlobalSection(ProjectConfigurationPlatforms) = postSolution
		{72522386-7C8C-4EF0-A383-09DF25552152}.Debug|Any CPU.ActiveCfg = Debug|Any CPU
		{72522386-7C8C-4EF0-A383-09DF25552152}.Debug|Any CPU.Build.0 = Debug|Any CPU
		{72522386-7C8C-4EF0-A383-09DF25552152}.Release|Any CPU.ActiveCfg = Release|Any CPU
		{72522386-7C8C-4EF0-A383-09DF25552152}.Release|Any CPU.Build.0 = Release|Any CPU
	EndGlobalSection
	GlobalSection(SolutionProperties) = preSolution
		HideSolutionNode = FALSE
	EndGlobalSection
	GlobalSection(ExtensibilityGlobals) = postSolution
		SolutionGuid = {AE8142B6-A46E-4013-90DF-A95E191678F5}
	EndGlobalSection
EndGlobal
